Microsoft Visual Studio Solution File, Format Version 8.00
Project("{F184B08F-C81C-45F6-A57F-5ABD9991F28F}") = "050004 - wilberth castro - examen 1", "050004 - wilberth castro - examen 1\050004 - wilberth castro - examen 1.vbproj", "{ADBB7574-FF7E-4ECF-9E8B-060525862E28}"
	ProjectSection(ProjectDependencies) = postProject
	EndProjectSection
EndProject
Global
	GlobalSection(SolutionConfiguration) = preSolution
		Debug = Debug
		Release = Release
	EndGlobalSection
	GlobalSection(ProjectConfiguration) = postSolution
		{ADBB7574-FF7E-4ECF-9E8B-060525862E28}.Debug.ActiveCfg = Debug|.NET
		{ADBB7574-FF7E-4ECF-9E8B-060525862E28}.Debug.Build.0 = Debug|.NET
		{ADBB7574-FF7E-4ECF-9E8B-060525862E28}.Release.ActiveCfg = Release|.NET
		{ADBB7574-FF7E-4ECF-9E8B-060525862E28}.Release.Build.0 = Release|.NET
	EndGlobalSection
	GlobalSection(ExtensibilityGlobals) = postSolution
	EndGlobalSection
	GlobalSection(ExtensibilityAddIns) = postSolution
	EndGlobalSection
EndGlobal
